
Microsoft Visual Studio Solution File, Format Version 12.00
# Visual Studio 15
VisualStudioVersion = 15.0.26430.15
MinimumVisualStudioVersion = 10.0.40219.1
Project("{D954291E-2A0B-460D-934E-DC6B0785DB48}") = "AluraNutricao", "AluraNutricao\AluraNutricao\AluraNutricao.shproj", "{E1D3B061-FBA6-448C-B061-E5B0A23F2BFE}"
EndProject
Project("{FAE04EC0-301F-11D3-BF4B-00C04F79EFBC}") = "AluraNutricao.Android", "AluraNutricao\AluraNutricao.Android\AluraNutricao.Android.csproj", "{05134F04-054B-43BB-A977-8E7041E0BE37}"
EndProject
Project("{FAE04EC0-301F-11D3-BF4B-00C04F79EFBC}") = "AluraNutricao.iOS", "AluraNutricao\AluraNutricao.iOS\AluraNutricao.iOS.csproj", "{B04D9020-13BE-4CAF-A213-DED9DFC99DA6}"
EndProject
Project("{FAE04EC0-301F-11D3-BF4B-00C04F79EFBC}") = "AluraNutricao.UWP", "AluraNutricao\AluraNutricao.UWP\AluraNutricao.UWP.csproj", "{A58EF6E2-FB4C-4C16-8C21-C7913C1217AC}"
EndProject
Global
	GlobalSection(SharedMSBuildProjectFiles) = preSolution
		AluraNutricao\AluraNutricao\AluraNutricao.projitems*{05134f04-054b-43bb-a977-8e7041e0be37}*SharedItemsImports = 4
		AluraNutricao\AluraNutricao\AluraNutricao.projitems*{a58ef6e2-fb4c-4c16-8c21-c7913c1217ac}*SharedItemsImports = 4
		AluraNutricao\AluraNutricao\AluraNutricao.projitems*{b04d9020-13be-4caf-a213-ded9dfc99da6}*SharedItemsImports = 4
		AluraNutricao\AluraNutricao\AluraNutricao.projitems*{e1d3b061-fba6-448c-b061-e5b0a23f2bfe}*SharedItemsImports = 13
	EndGlobalSection
	GlobalSection(SolutionConfigurationPlatforms) = preSolution
		Ad-Hoc|Any CPU = Ad-Hoc|Any CPU
		Ad-Hoc|ARM = Ad-Hoc|ARM
		Ad-Hoc|iPhone = Ad-Hoc|iPhone
		Ad-Hoc|iPhoneSimulator = Ad-Hoc|iPhoneSimulator
		Ad-Hoc|x64 = Ad-Hoc|x64
		Ad-Hoc|x86 = Ad-Hoc|x86
		AppStore|Any CPU = AppStore|Any CPU
		AppStore|ARM = AppStore|ARM
		AppStore|iPhone = AppStore|iPhone
		AppStore|iPhoneSimulator = AppStore|iPhoneSimulator
		AppStore|x64 = AppStore|x64
		AppStore|x86 = AppStore|x86
		Debug|Any CPU = Debug|Any CPU
		Debug|ARM = Debug|ARM
		Debug|iPhone = Debug|iPhone
		Debug|iPhoneSimulator = Debug|iPhoneSimulator
		Debug|x64 = Debug|x64
		Debug|x86 = Debug|x86
		Release|Any CPU = Release|Any CPU
		Release|ARM = Release|ARM
		Release|iPhone = Release|iPhone
		Release|iPhoneSimulator = Release|iPhoneSimulator
		Release|x64 = Release|x64
		Release|x86 = Release|x86
	EndGlobalSection
	GlobalSection(ProjectConfigurationPlatforms) = postSolution
		{05134F04-054B-43BB-A977-8E7041E0BE37}.Ad-Hoc|Any CPU.ActiveCfg = Release|Any CPU
		{05134F04-054B-43BB-A977-8E7041E0BE37}.Ad-Hoc|Any CPU.Build.0 = Release|Any CPU
		{05134F04-054B-43BB-A977-8E7041E0BE37}.Ad-Hoc|Any CPU.Deploy.0 = Release|Any CPU
		{05134F04-054B-43BB-A977-8E7041E0BE37}.Ad-Hoc|ARM.ActiveCfg = Release|Any CPU
		{05134F04-054B-43BB-A977-8E7041E0BE37}.Ad-Hoc|ARM.Build.0 = Release|Any CPU
		{05134F04-054B-43BB-A977-8E7041E0BE37}.Ad-Hoc|ARM.Deploy.0 = Release|Any CPU
		{05134F04-054B-43BB-A977-8E7041E0BE37}.Ad-Hoc|iPhone.ActiveCfg = Release|Any CPU
		{05134F04-054B-43BB-A977-8E7041E0BE37}.Ad-Hoc|iPhone.Build.0 = Release|Any CPU
		{05134F04-054B-43BB-A977-8E7041E0BE37}.Ad-Hoc|iPhone.Deploy.0 = Release|Any CPU
		{05134F04-054B-43BB-A977-8E7041E0BE37}.Ad-Hoc|iPhoneSimulator.ActiveCfg = Release|Any CPU
		{05134F04-054B-43BB-A977-8E7041E0BE37}.Ad-Hoc|iPhoneSimulator.Build.0 = Release|Any CPU
		{05134F04-054B-43BB-A977-8E7041E0BE37}.Ad-Hoc|iPhoneSimulator.Deploy.0 = Release|Any CPU
		{05134F04-054B-43BB-A977-8E7041E0BE37}.Ad-Hoc|x64.ActiveCfg = Release|Any CPU
		{05134F04-054B-43BB-A977-8E7041E0BE37}.Ad-Hoc|x64.Build.0 = Release|Any CPU
		{05134F04-054B-43BB-A977-8E7041E0BE37}.Ad-Hoc|x64.Deploy.0 = Release|Any CPU
		{05134F04-054B-43BB-A977-8E7041E0BE37}.Ad-Hoc|x86.ActiveCfg = Release|Any CPU
		{05134F04-054B-43BB-A977-8E7041E0BE37}.Ad-Hoc|x86.Build.0 = Release|Any CPU
		{05134F04-054B-43BB-A977-8E7041E0BE37}.Ad-Hoc|x86.Deploy.0 = Release|Any CPU
		{05134F04-054B-43BB-A977-8E7041E0BE37}.AppStore|Any CPU.ActiveCfg = Release|Any CPU
		{05134F04-054B-43BB-A977-8E7041E0BE37}.AppStore|Any CPU.Build.0 = Release|Any CPU
		{05134F04-054B-43BB-A977-8E7041E0BE37}.AppStore|Any CPU.Deploy.0 = Release|Any CPU
		{05134F04-054B-43BB-A977-8E7041E0BE37}.AppStore|ARM.ActiveCfg = Release|Any CPU
		{05134F04-054B-43BB-A977-8E7041E0BE37}.AppStore|ARM.Build.0 = Release|Any CPU
		{05134F04-054B-43BB-A977-8E7041E0BE37}.AppStore|ARM.Deploy.0 = Release|Any CPU
		{05134F04-054B-43BB-A977-8E7041E0BE37}.AppStore|iPhone.ActiveCfg = Release|Any CPU
		{05134F04-054B-43BB-A977-8E7041E0BE37}.AppStore|iPhone.Build.0 = Release|Any CPU
		{05134F04-054B-43BB-A977-8E7041E0BE37}.AppStore|iPhone.Deploy.0 = Release|Any CPU
		{05134F04-054B-43BB-A977-8E7041E0BE37}.AppStore|iPhoneSimulator.ActiveCfg = Release|Any CPU
		{05134F04-054B-43BB-A977-8E7041E0BE37}.AppStore|iPhoneSimulator.Build.0 = Release|Any CPU
		{05134F04-054B-43BB-A977-8E7041E0BE37}.AppStore|iPhoneSimulator.Deploy.0 = Release|Any CPU
		{05134F04-054B-43BB-A977-8E7041E0BE37}.AppStore|x64.ActiveCfg = Release|Any CPU
		{05134F04-054B-43BB-A977-8E7041E0BE37}.AppStore|x64.Build.0 = Release|Any CPU
		{05134F04-054B-43BB-A977-8E7041E0BE37}.AppStore|x64.Deploy.0 = Release|Any CPU
		{05134F04-054B-43BB-A977-8E7041E0BE37}.AppStore|x86.ActiveCfg = Release|Any CPU
		{05134F04-054B-43BB-A977-8E7041E0BE37}.AppStore|x86.Build.0 = Release|Any CPU
		{05134F04-054B-43BB-A977-8E7041E0BE37}.AppStore|x86.Deploy.0 = Release|Any CPU
		{05134F04-054B-43BB-A977-8E7041E0BE37}.Debug|Any CPU.ActiveCfg = Debug|Any CPU
		{05134F04-054B-43BB-A977-8E7041E0BE37}.Debug|Any CPU.Build.0 = Debug|Any CPU
		{05134F04-054B-43BB-A977-8E7041E0BE37}.Debug|Any CPU.Deploy.0 = Debug|Any CPU
		{05134F04-054B-43BB-A977-8E7041E0BE37}.Debug|ARM.ActiveCfg = Debug|Any CPU
		{05134F04-054B-43BB-A977-8E7041E0BE37}.Debug|ARM.Build.0 = Debug|Any CPU
		{05134F04-054B-43BB-A977-8E7041E0BE37}.Debug|ARM.Deploy.0 = Debug|Any CPU
		{05134F04-054B-43BB-A977-8E7041E0BE37}.Debug|iPhone.ActiveCfg = Debug|Any CPU
		{05134F04-054B-43BB-A977-8E7041E0BE37}.Debug|iPhone.Build.0 = Debug|Any CPU
		{05134F04-054B-43BB-A977-8E7041E0BE37}.Debug|iPhone.Deploy.0 = Debug|Any CPU
		{05134F04-054B-43BB-A977-8E7041E0BE37}.Debug|iPhoneSimulator.ActiveCfg = Debug|Any CPU
		{05134F04-054B-43BB-A977-8E7041E0BE37}.Debug|iPhoneSimulator.Build.0 = Debug|Any CPU
		{05134F04-054B-43BB-A977-8E7041E0BE37}.Debug|iPhoneSimulator.Deploy.0 = Debug|Any CPU
		{05134F04-054B-43BB-A977-8E7041E0BE37}.Debug|x64.ActiveCfg = Debug|Any CPU
		{05134F04-054B-43BB-A977-8E7041E0BE37}.Debug|x64.Build.0 = Debug|Any CPU
		{05134F04-054B-43BB-A977-8E7041E0BE37}.Debug|x64.Deploy.0 = Debug|Any CPU
		{05134F04-054B-43BB-A977-8E7041E0BE37}.Debug|x86.ActiveCfg = Debug|Any CPU
		{05134F04-054B-43BB-A977-8E7041E0BE37}.Debug|x86.Build.0 = Debug|Any CPU
		{05134F04-054B-43BB-A977-8E7041E0BE37}.Debug|x86.Deploy.0 = Debug|Any CPU
		{05134F04-054B-43BB-A977-8E7041E0BE37}.Release|Any CPU.ActiveCfg = Release|Any CPU
		{05134F04-054B-43BB-A977-8E7041E0BE37}.Release|Any CPU.Build.0 = Release|Any CPU
		{05134F04-054B-43BB-A977-8E7041E0BE37}.Release|Any CPU.Deploy.0 = Release|Any CPU
		{05134F04-054B-43BB-A977-8E7041E0BE37}.Release|ARM.ActiveCfg = Release|Any CPU
		{05134F04-054B-43BB-A977-8E7041E0BE37}.Release|ARM.Build.0 = Release|Any CPU
		{05134F04-054B-43BB-A977-8E7041E0BE37}.Release|ARM.Deploy.0 = Release|Any CPU
		{05134F04-054B-43BB-A977-8E7041E0BE37}.Release|iPhone.ActiveCfg = Release|Any CPU
		{05134F04-054B-43BB-A977-8E7041E0BE37}.Release|iPhone.Build.0 = Release|Any CPU
		{05134F04-054B-43BB-A977-8E7041E0BE37}.Release|iPhone.Deploy.0 = Release|Any CPU
		{05134F04-054B-43BB-A977-8E7041E0BE37}.Release|iPhoneSimulator.ActiveCfg = Release|Any CPU
		{05134F04-054B-43BB-A977-8E7041E0BE37}.Release|iPhoneSimulator.Build.0 = Release|Any CPU
		{05134F04-054B-43BB-A977-8E7041E0BE37}.Release|iPhoneSimulator.Deploy.0 = Release|Any CPU
		{05134F04-054B-43BB-A977-8E7041E0BE37}.Release|x64.ActiveCfg = Release|Any CPU
		{05134F04-054B-43BB-A977-8E7041E0BE37}.Release|x64.Build.0 = Release|Any CPU
		{05134F04-054B-43BB-A977-8E7041E0BE37}.Release|x64.Deploy.0 = Release|Any CPU
		{05134F04-054B-43BB-A977-8E7041E0BE37}.Release|x86.ActiveCfg = Release|Any CPU
		{05134F04-054B-43BB-A977-8E7041E0BE37}.Release|x86.Build.0 = Release|Any CPU
		{05134F04-054B-43BB-A977-8E7041E0BE37}.Release|x86.Deploy.0 = Release|Any CPU
		{B04D9020-13BE-4CAF-A213-DED9DFC99DA6}.Ad-Hoc|Any CPU.ActiveCfg = Ad-Hoc|iPhone
		{B04D9020-13BE-4CAF-A213-DED9DFC99DA6}.Ad-Hoc|ARM.ActiveCfg = Ad-Hoc|iPhone
		{B04D9020-13BE-4CAF-A213-DED9DFC99DA6}.Ad-Hoc|iPhone.ActiveCfg = Ad-Hoc|iPhone
		{B04D9020-13BE-4CAF-A213-DED9DFC99DA6}.Ad-Hoc|iPhone.Build.0 = Ad-Hoc|iPhone
		{B04D9020-13BE-4CAF-A213-DED9DFC99DA6}.Ad-Hoc|iPhoneSimulator.ActiveCfg = Ad-Hoc|iPhoneSimulator
		{B04D9020-13BE-4CAF-A213-DED9DFC99DA6}.Ad-Hoc|iPhoneSimulator.Build.0 = Ad-Hoc|iPhoneSimulator
		{B04D9020-13BE-4CAF-A213-DED9DFC99DA6}.Ad-Hoc|x64.ActiveCfg = Ad-Hoc|iPhone
		{B04D9020-13BE-4CAF-A213-DED9DFC99DA6}.Ad-Hoc|x86.ActiveCfg = Ad-Hoc|iPhone
		{B04D9020-13BE-4CAF-A213-DED9DFC99DA6}.AppStore|Any CPU.ActiveCfg = AppStore|iPhone
		{B04D9020-13BE-4CAF-A213-DED9DFC99DA6}.AppStore|ARM.ActiveCfg = AppStore|iPhone
		{B04D9020-13BE-4CAF-A213-DED9DFC99DA6}.AppStore|iPhone.ActiveCfg = AppStore|iPhone
		{B04D9020-13BE-4CAF-A213-DED9DFC99DA6}.AppStore|iPhone.Build.0 = AppStore|iPhone
		{B04D9020-13BE-4CAF-A213-DED9DFC99DA6}.AppStore|iPhoneSimulator.ActiveCfg = AppStore|iPhoneSimulator
		{B04D9020-13BE-4CAF-A213-DED9DFC99DA6}.AppStore|iPhoneSimulator.Build.0 = AppStore|iPhoneSimulator
		{B04D9020-13BE-4CAF-A213-DED9DFC99DA6}.AppStore|x64.ActiveCfg = AppStore|iPhone
		{B04D9020-13BE-4CAF-A213-DED9DFC99DA6}.AppStore|x86.ActiveCfg = AppStore|iPhone
		{B04D9020-13BE-4CAF-A213-DED9DFC99DA6}.Debug|Any CPU.ActiveCfg = Debug|iPhone
		{B04D9020-13BE-4CAF-A213-DED9DFC99DA6}.Debug|ARM.ActiveCfg = Debug|iPhone
		{B04D9020-13BE-4CAF-A213-DED9DFC99DA6}.Debug|iPhone.ActiveCfg = Debug|iPhone
		{B04D9020-13BE-4CAF-A213-DED9DFC99DA6}.Debug|iPhone.Build.0 = Debug|iPhone
		{B04D9020-13BE-4CAF-A213-DED9DFC99DA6}.Debug|iPhoneSimulator.ActiveCfg = Debug|iPhoneSimulator
		{B04D9020-13BE-4CAF-A213-DED9DFC99DA6}.Debug|iPhoneSimulator.Build.0 = Debug|iPhoneSimulator
		{B04D9020-13BE-4CAF-A213-DED9DFC99DA6}.Debug|x64.ActiveCfg = Debug|iPhone
		{B04D9020-13BE-4CAF-A213-DED9DFC99DA6}.Debug|x86.ActiveCfg = Debug|iPhone
		{B04D9020-13BE-4CAF-A213-DED9DFC99DA6}.Release|Any CPU.ActiveCfg = Release|iPhone
		{B04D9020-13BE-4CAF-A213-DED9DFC99DA6}.Release|ARM.ActiveCfg = Release|iPhone
		{B04D9020-13BE-4CAF-A213-DED9DFC99DA6}.Release|iPhone.ActiveCfg = Release|iPhone
		{B04D9020-13BE-4CAF-A213-DED9DFC99DA6}.Release|iPhone.Build.0 = Release|iPhone
		{B04D9020-13BE-4CAF-A213-DED9DFC99DA6}.Release|iPhoneSimulator.ActiveCfg = Release|iPhoneSimulator
		{B04D9020-13BE-4CAF-A213-DED9DFC99DA6}.Release|iPhoneSimulator.Build.0 = Release|iPhoneSimulator
		{B04D9020-13BE-4CAF-A213-DED9DFC99DA6}.Release|x64.ActiveCfg = Release|iPhone
		{B04D9020-13BE-4CAF-A213-DED9DFC99DA6}.Release|x86.ActiveCfg = Release|iPhone
		{A58EF6E2-FB4C-4C16-8C21-C7913C1217AC}.Ad-Hoc|Any CPU.ActiveCfg = Release|x86
		{A58EF6E2-FB4C-4C16-8C21-C7913C1217AC}.Ad-Hoc|Any CPU.Build.0 = Release|x86
		{A58EF6E2-FB4C-4C16-8C21-C7913C1217AC}.Ad-Hoc|Any CPU.Deploy.0 = Release|x86
		{A58EF6E2-FB4C-4C16-8C21-C7913C1217AC}.Ad-Hoc|ARM.ActiveCfg = Release|ARM
		{A58EF6E2-FB4C-4C16-8C21-C7913C1217AC}.Ad-Hoc|ARM.Build.0 = Release|ARM
		{A58EF6E2-FB4C-4C16-8C21-C7913C1217AC}.Ad-Hoc|ARM.Deploy.0 = Release|ARM
		{A58EF6E2-FB4C-4C16-8C21-C7913C1217AC}.Ad-Hoc|iPhone.ActiveCfg = Release|x86
		{A58EF6E2-FB4C-4C16-8C21-C7913C1217AC}.Ad-Hoc|iPhone.Build.0 = Release|x86
		{A58EF6E2-FB4C-4C16-8C21-C7913C1217AC}.Ad-Hoc|iPhone.Deploy.0 = Release|x86
		{A58EF6E2-FB4C-4C16-8C21-C7913C1217AC}.Ad-Hoc|iPhoneSimulator.ActiveCfg = Release|x86
		{A58EF6E2-FB4C-4C16-8C21-C7913C1217AC}.Ad-Hoc|iPhoneSimulator.Build.0 = Release|x86
		{A58EF6E2-FB4C-4C16-8C21-C7913C1217AC}.Ad-Hoc|iPhoneSimulator.Deploy.0 = Release|x86
		{A58EF6E2-FB4C-4C16-8C21-C7913C1217AC}.Ad-Hoc|x64.ActiveCfg = Release|x64
		{A58EF6E2-FB4C-4C16-8C21-C7913C1217AC}.Ad-Hoc|x64.Build.0 = Release|x64
		{A58EF6E2-FB4C-4C16-8C21-C7913C1217AC}.Ad-Hoc|x64.Deploy.0 = Release|x64
		{A58EF6E2-FB4C-4C16-8C21-C7913C1217AC}.Ad-Hoc|x86.ActiveCfg = Release|x86
		{A58EF6E2-FB4C-4C16-8C21-C7913C1217AC}.Ad-Hoc|x86.Build.0 = Release|x86
		{A58EF6E2-FB4C-4C16-8C21-C7913C1217AC}.Ad-Hoc|x86.Deploy.0 = Release|x86
		{A58EF6E2-FB4C-4C16-8C21-C7913C1217AC}.AppStore|Any CPU.ActiveCfg = Release|x86
		{A58EF6E2-FB4C-4C16-8C21-C7913C1217AC}.AppStore|Any CPU.Build.0 = Release|x86
		{A58EF6E2-FB4C-4C16-8C21-C7913C1217AC}.AppStore|Any CPU.Deploy.0 = Release|x86
		{A58EF6E2-FB4C-4C16-8C21-C7913C1217AC}.AppStore|ARM.ActiveCfg = Release|ARM
		{A58EF6E2-FB4C-4C16-8C21-C7913C1217AC}.AppStore|ARM.Build.0 = Release|ARM
		{A58EF6E2-FB4C-4C16-8C21-C7913C1217AC}.AppStore|ARM.Deploy.0 = Release|ARM
		{A58EF6E2-FB4C-4C16-8C21-C7913C1217AC}.AppStore|iPhone.ActiveCfg = Release|x86
		{A58EF6E2-FB4C-4C16-8C21-C7913C1217AC}.AppStore|iPhone.Build.0 = Release|x86
		{A58EF6E2-FB4C-4C16-8C21-C7913C1217AC}.AppStore|iPhone.Deploy.0 = Release|x86
		{A58EF6E2-FB4C-4C16-8C21-C7913C1217AC}.AppStore|iPhoneSimulator.ActiveCfg = Release|x86
		{A58EF6E2-FB4C-4C16-8C21-C7913C1217AC}.AppStore|iPhoneSimulator.Build.0 = Release|x86
		{A58EF6E2-FB4C-4C16-8C21-C7913C1217AC}.AppStore|iPhoneSimulator.Deploy.0 = Release|x86
		{A58EF6E2-FB4C-4C16-8C21-C7913C1217AC}.AppStore|x64.ActiveCfg = Release|x64
		{A58EF6E2-FB4C-4C16-8C21-C7913C1217AC}.AppStore|x64.Build.0 = Release|x64
		{A58EF6E2-FB4C-4C16-8C21-C7913C1217AC}.AppStore|x64.Deploy.0 = Release|x64
		{A58EF6E2-FB4C-4C16-8C21-C7913C1217AC}.AppStore|x86.ActiveCfg = Release|x86
		{A58EF6E2-FB4C-4C16-8C21-C7913C1217AC}.AppStore|x86.Build.0 = Release|x86
		{A58EF6E2-FB4C-4C16-8C21-C7913C1217AC}.AppStore|x86.Deploy.0 = Release|x86
		{A58EF6E2-FB4C-4C16-8C21-C7913C1217AC}.Debug|Any CPU.ActiveCfg = Debug|x86
		{A58EF6E2-FB4C-4C16-8C21-C7913C1217AC}.Debug|ARM.ActiveCfg = Debug|ARM
		{A58EF6E2-FB4C-4C16-8C21-C7913C1217AC}.Debug|ARM.Build.0 = Debug|ARM
		{A58EF6E2-FB4C-4C16-8C21-C7913C1217AC}.Debug|ARM.Deploy.0 = Debug|ARM
		{A58EF6E2-FB4C-4C16-8C21-C7913C1217AC}.Debug|iPhone.ActiveCfg = Debug|x86
		{A58EF6E2-FB4C-4C16-8C21-C7913C1217AC}.Debug|iPhoneSimulator.ActiveCfg = Debug|x86
		{A58EF6E2-FB4C-4C16-8C21-C7913C1217AC}.Debug|x64.ActiveCfg = Debug|x64
		{A58EF6E2-FB4C-4C16-8C21-C7913C1217AC}.Debug|x64.Build.0 = Debug|x64
		{A58EF6E2-FB4C-4C16-8C21-C7913C1217AC}.Debug|x64.Deploy.0 = Debug|x64
		{A58EF6E2-FB4C-4C16-8C21-C7913C1217AC}.Debug|x86.ActiveCfg = Debug|x86
		{A58EF6E2-FB4C-4C16-8C21-C7913C1217AC}.Debug|x86.Build.0 = Debug|x86
		{A58EF6E2-FB4C-4C16-8C21-C7913C1217AC}.Debug|x86.Deploy.0 = Debug|x86
		{A58EF6E2-FB4C-4C16-8C21-C7913C1217AC}.Release|Any CPU.ActiveCfg = Release|x86
		{A58EF6E2-FB4C-4C16-8C21-C7913C1217AC}.Release|ARM.ActiveCfg = Release|ARM
		{A58EF6E2-FB4C-4C16-8C21-C7913C1217AC}.Release|ARM.Build.0 = Release|ARM
		{A58EF6E2-FB4C-4C16-8C21-C7913C1217AC}.Release|ARM.Deploy.0 = Release|ARM
		{A58EF6E2-FB4C-4C16-8C21-C7913C1217AC}.Release|iPhone.ActiveCfg = Release|x86
		{A58EF6E2-FB4C-4C16-8C21-C7913C1217AC}.Release|iPhoneSimulator.ActiveCfg = Release|x86
		{A58EF6E2-FB4C-4C16-8C21-C7913C1217AC}.Release|x64.ActiveCfg = Release|x64
		{A58EF6E2-FB4C-4C16-8C21-C7913C1217AC}.Release|x64.Build.0 = Release|x64
		{A58EF6E2-FB4C-4C16-8C21-C7913C1217AC}.Release|x64.Deploy.0 = Release|x64
		{A58EF6E2-FB4C-4C16-8C21-C7913C1217AC}.Release|x86.ActiveCfg = Release|x86
		{A58EF6E2-FB4C-4C16-8C21-C7913C1217AC}.Release|x86.Build.0 = Release|x86
		{A58EF6E2-FB4C-4C16-8C21-C7913C1217AC}.Release|x86.Deploy.0 = Release|x86
	EndGlobalSection
	GlobalSection(SolutionProperties) = preSolution
		HideSolutionNode = FALSE
	EndGlobalSection
EndGlobal
